
Microsoft Visual Studio Solution File, Format Version 12.00
# Visual Studio Version 16
VisualStudioVersion = 16.0.29613.14
MinimumVisualStudioVersion = 10.0.40219.1
Project("{FAE04EC0-301F-11D3-BF4B-00C04F79EFBC}") = "UserConsolePL", "UserConsolePL\UserConsolePL.csproj", "{9B248070-D9C1-4D2F-A724-7C06487294B7}"
EndProject
Project("{FAE04EC0-301F-11D3-BF4B-00C04F79EFBC}") = "UserBLL", "UserBLL\UserBLL.csproj", "{95FAD189-E5C3-480C-AF69-7C563862B486}"
EndProject
Project("{FAE04EC0-301F-11D3-BF4B-00C04F79EFBC}") = "UserDAL", "UserDAL\UserDAL.csproj", "{6091BB06-A584-4ECF-8153-159C953D2029}"
EndProject
Project("{FAE04EC0-301F-11D3-BF4B-00C04F79EFBC}") = "UserEntities", "UserEntities\UserEntities.csproj", "{B8CD8CDC-C68F-4C29-802C-28658A24E3C6}"
EndProject
Project("{FAE04EC0-301F-11D3-BF4B-00C04F79EFBC}") = "UserBLL.Interfaces", "UserBLL.Interfaces\UserBLL.Interfaces.csproj", "{10867CB3-3727-4FCB-BBBF-8BE292E17D12}"
EndProject
Project("{FAE04EC0-301F-11D3-BF4B-00C04F79EFBC}") = "UserDAO.Interfaces", "UserDAO.Interfaces\UserDAO.Interfaces.csproj", "{A95E4CE9-D294-40D2-9A3C-AA2C4C3A5D75}"
EndProject
Project("{FAE04EC0-301F-11D3-BF4B-00C04F79EFBC}") = "User.IOC", "User.IOC\User.IOC.csproj", "{F3BB3661-4887-4A7D-BA91-C659376D6B4E}"
EndProject
Project("{FAE04EC0-301F-11D3-BF4B-00C04F79EFBC}") = "SaveToFile.DAL", "SaveToFile.DAL\SaveToFile.DAL.csproj", "{19B45A94-0480-4C61-9A6D-70D600FFFD28}"
EndProject
Project("{FAE04EC0-301F-11D3-BF4B-00C04F79EFBC}") = "UserFileDAO.Interfaces", "IUserFileDAO\UserFileDAO.Interfaces.csproj", "{76E69256-51D5-4CCE-96E1-0190315E6244}"
EndProject
Project("{FAE04EC0-301F-11D3-BF4B-00C04F79EFBC}") = "UserFileBLL.Interfaces", "UserFileBLL.Interfaces\UserFileBLL.Interfaces.csproj", "{893D0B06-8ACB-4182-9B82-17529EFBB17F}"
EndProject
Project("{2150E333-8FDC-42A3-9474-1A3956D46DE8}") = "BLL", "BLL", "{410D083E-5130-45C1-B9A4-DB39A149A146}"
EndProject
Project("{2150E333-8FDC-42A3-9474-1A3956D46DE8}") = "DAL", "DAL", "{0F78E165-4482-4BBB-9259-8567081EB9F2}"
EndProject
Project("{2150E333-8FDC-42A3-9474-1A3956D46DE8}") = "PL", "PL", "{0B2ECEB8-B905-4092-99D8-7113F85BF850}"
EndProject
Project("{FAE04EC0-301F-11D3-BF4B-00C04F79EFBC}") = "AwardDAL", "AwardFakeDAL\AwardDAL.csproj", "{B5AE4DE2-5A85-4AF6-BF6C-437E2D7FC53E}"
EndProject
Project("{FAE04EC0-301F-11D3-BF4B-00C04F79EFBC}") = "AwardDAO.Interfaces", "AwardDAO.Interfaces\AwardDAO.Interfaces.csproj", "{5EB0D1D1-B288-4849-A59E-A41391CFA4F6}"
EndProject
Project("{FAE04EC0-301F-11D3-BF4B-00C04F79EFBC}") = "AwardBLL.Interfaces", "AwardBLL.Interfaces\AwardBLL.Interfaces.csproj", "{D7905D53-DABC-4674-8200-6C50F6FF5D18}"
EndProject
Project("{FAE04EC0-301F-11D3-BF4B-00C04F79EFBC}") = "AwardBLL", "AwardBLL\AwardBLL.csproj", "{F9C514C0-3B43-4CE4-A1CA-0813E8FF794D}"
EndProject
Global
	GlobalSection(SolutionConfigurationPlatforms) = preSolution
		Debug|Any CPU = Debug|Any CPU
		Release|Any CPU = Release|Any CPU
	EndGlobalSection
	GlobalSection(ProjectConfigurationPlatforms) = postSolution
		{9B248070-D9C1-4D2F-A724-7C06487294B7}.Debug|Any CPU.ActiveCfg = Debug|Any CPU
		{9B248070-D9C1-4D2F-A724-7C06487294B7}.Debug|Any CPU.Build.0 = Debug|Any CPU
		{9B248070-D9C1-4D2F-A724-7C06487294B7}.Release|Any CPU.ActiveCfg = Release|Any CPU
		{9B248070-D9C1-4D2F-A724-7C06487294B7}.Release|Any CPU.Build.0 = Release|Any CPU
		{95FAD189-E5C3-480C-AF69-7C563862B486}.Debug|Any CPU.ActiveCfg = Debug|Any CPU
		{95FAD189-E5C3-480C-AF69-7C563862B486}.Debug|Any CPU.Build.0 = Debug|Any CPU
		{95FAD189-E5C3-480C-AF69-7C563862B486}.Release|Any CPU.ActiveCfg = Release|Any CPU
		{95FAD189-E5C3-480C-AF69-7C563862B486}.Release|Any CPU.Build.0 = Release|Any CPU
		{6091BB06-A584-4ECF-8153-159C953D2029}.Debug|Any CPU.ActiveCfg = Debug|Any CPU
		{6091BB06-A584-4ECF-8153-159C953D2029}.Debug|Any CPU.Build.0 = Debug|Any CPU
		{6091BB06-A584-4ECF-8153-159C953D2029}.Release|Any CPU.ActiveCfg = Release|Any CPU
		{6091BB06-A584-4ECF-8153-159C953D2029}.Release|Any CPU.Build.0 = Release|Any CPU
		{B8CD8CDC-C68F-4C29-802C-28658A24E3C6}.Debug|Any CPU.ActiveCfg = Debug|Any CPU
		{B8CD8CDC-C68F-4C29-802C-28658A24E3C6}.Debug|Any CPU.Build.0 = Debug|Any CPU
		{B8CD8CDC-C68F-4C29-802C-28658A24E3C6}.Release|Any CPU.ActiveCfg = Release|Any CPU
		{B8CD8CDC-C68F-4C29-802C-28658A24E3C6}.Release|Any CPU.Build.0 = Release|Any CPU
		{10867CB3-3727-4FCB-BBBF-8BE292E17D12}.Debug|Any CPU.ActiveCfg = Debug|Any CPU
		{10867CB3-3727-4FCB-BBBF-8BE292E17D12}.Debug|Any CPU.Build.0 = Debug|Any CPU
		{10867CB3-3727-4FCB-BBBF-8BE292E17D12}.Release|Any CPU.ActiveCfg = Release|Any CPU
		{10867CB3-3727-4FCB-BBBF-8BE292E17D12}.Release|Any CPU.Build.0 = Release|Any CPU
		{A95E4CE9-D294-40D2-9A3C-AA2C4C3A5D75}.Debug|Any CPU.ActiveCfg = Debug|Any CPU
		{A95E4CE9-D294-40D2-9A3C-AA2C4C3A5D75}.Debug|Any CPU.Build.0 = Debug|Any CPU
		{A95E4CE9-D294-40D2-9A3C-AA2C4C3A5D75}.Release|Any CPU.ActiveCfg = Release|Any CPU
		{A95E4CE9-D294-40D2-9A3C-AA2C4C3A5D75}.Release|Any CPU.Build.0 = Release|Any CPU
		{F3BB3661-4887-4A7D-BA91-C659376D6B4E}.Debug|Any CPU.ActiveCfg = Debug|Any CPU
		{F3BB3661-4887-4A7D-BA91-C659376D6B4E}.Debug|Any CPU.Build.0 = Debug|Any CPU
		{F3BB3661-4887-4A7D-BA91-C659376D6B4E}.Release|Any CPU.ActiveCfg = Release|Any CPU
		{F3BB3661-4887-4A7D-BA91-C659376D6B4E}.Release|Any CPU.Build.0 = Release|Any CPU
		{19B45A94-0480-4C61-9A6D-70D600FFFD28}.Debug|Any CPU.ActiveCfg = Debug|Any CPU
		{19B45A94-0480-4C61-9A6D-70D600FFFD28}.Debug|Any CPU.Build.0 = Debug|Any CPU
		{19B45A94-0480-4C61-9A6D-70D600FFFD28}.Release|Any CPU.ActiveCfg = Release|Any CPU
		{19B45A94-0480-4C61-9A6D-70D600FFFD28}.Release|Any CPU.Build.0 = Release|Any CPU
		{76E69256-51D5-4CCE-96E1-0190315E6244}.Debug|Any CPU.ActiveCfg = Debug|Any CPU
		{76E69256-51D5-4CCE-96E1-0190315E6244}.Debug|Any CPU.Build.0 = Debug|Any CPU
		{76E69256-51D5-4CCE-96E1-0190315E6244}.Release|Any CPU.ActiveCfg = Release|Any CPU
		{76E69256-51D5-4CCE-96E1-0190315E6244}.Release|Any CPU.Build.0 = Release|Any CPU
		{893D0B06-8ACB-4182-9B82-17529EFBB17F}.Debug|Any CPU.ActiveCfg = Debug|Any CPU
		{893D0B06-8ACB-4182-9B82-17529EFBB17F}.Debug|Any CPU.Build.0 = Debug|Any CPU
		{893D0B06-8ACB-4182-9B82-17529EFBB17F}.Release|Any CPU.ActiveCfg = Release|Any CPU
		{893D0B06-8ACB-4182-9B82-17529EFBB17F}.Release|Any CPU.Build.0 = Release|Any CPU
		{B5AE4DE2-5A85-4AF6-BF6C-437E2D7FC53E}.Debug|Any CPU.ActiveCfg = Debug|Any CPU
		{B5AE4DE2-5A85-4AF6-BF6C-437E2D7FC53E}.Debug|Any CPU.Build.0 = Debug|Any CPU
		{B5AE4DE2-5A85-4AF6-BF6C-437E2D7FC53E}.Release|Any CPU.ActiveCfg = Release|Any CPU
		{B5AE4DE2-5A85-4AF6-BF6C-437E2D7FC53E}.Release|Any CPU.Build.0 = Release|Any CPU
		{5EB0D1D1-B288-4849-A59E-A41391CFA4F6}.Debug|Any CPU.ActiveCfg = Debug|Any CPU
		{5EB0D1D1-B288-4849-A59E-A41391CFA4F6}.Debug|Any CPU.Build.0 = Debug|Any CPU
		{5EB0D1D1-B288-4849-A59E-A41391CFA4F6}.Release|Any CPU.ActiveCfg = Release|Any CPU
		{5EB0D1D1-B288-4849-A59E-A41391CFA4F6}.Release|Any CPU.Build.0 = Release|Any CPU
		{D7905D53-DABC-4674-8200-6C50F6FF5D18}.Debug|Any CPU.ActiveCfg = Debug|Any CPU
		{D7905D53-DABC-4674-8200-6C50F6FF5D18}.Debug|Any CPU.Build.0 = Debug|Any CPU
		{D7905D53-DABC-4674-8200-6C50F6FF5D18}.Release|Any CPU.ActiveCfg = Release|Any CPU
		{D7905D53-DABC-4674-8200-6C50F6FF5D18}.Release|Any CPU.Build.0 = Release|Any CPU
		{F9C514C0-3B43-4CE4-A1CA-0813E8FF794D}.Debug|Any CPU.ActiveCfg = Debug|Any CPU
		{F9C514C0-3B43-4CE4-A1CA-0813E8FF794D}.Debug|Any CPU.Build.0 = Debug|Any CPU
		{F9C514C0-3B43-4CE4-A1CA-0813E8FF794D}.Release|Any CPU.ActiveCfg = Release|Any CPU
		{F9C514C0-3B43-4CE4-A1CA-0813E8FF794D}.Release|Any CPU.Build.0 = Release|Any CPU
	EndGlobalSection
	GlobalSection(SolutionProperties) = preSolution
		HideSolutionNode = FALSE
	EndGlobalSection
	GlobalSection(NestedProjects) = preSolution
		{9B248070-D9C1-4D2F-A724-7C06487294B7} = {0B2ECEB8-B905-4092-99D8-7113F85BF850}
		{95FAD189-E5C3-480C-AF69-7C563862B486} = {410D083E-5130-45C1-B9A4-DB39A149A146}
		{6091BB06-A584-4ECF-8153-159C953D2029} = {0F78E165-4482-4BBB-9259-8567081EB9F2}
		{10867CB3-3727-4FCB-BBBF-8BE292E17D12} = {410D083E-5130-45C1-B9A4-DB39A149A146}
		{A95E4CE9-D294-40D2-9A3C-AA2C4C3A5D75} = {0F78E165-4482-4BBB-9259-8567081EB9F2}
		{19B45A94-0480-4C61-9A6D-70D600FFFD28} = {0F78E165-4482-4BBB-9259-8567081EB9F2}
		{76E69256-51D5-4CCE-96E1-0190315E6244} = {0F78E165-4482-4BBB-9259-8567081EB9F2}
		{893D0B06-8ACB-4182-9B82-17529EFBB17F} = {410D083E-5130-45C1-B9A4-DB39A149A146}
		{B5AE4DE2-5A85-4AF6-BF6C-437E2D7FC53E} = {0F78E165-4482-4BBB-9259-8567081EB9F2}
		{5EB0D1D1-B288-4849-A59E-A41391CFA4F6} = {0F78E165-4482-4BBB-9259-8567081EB9F2}
		{D7905D53-DABC-4674-8200-6C50F6FF5D18} = {410D083E-5130-45C1-B9A4-DB39A149A146}
		{F9C514C0-3B43-4CE4-A1CA-0813E8FF794D} = {410D083E-5130-45C1-B9A4-DB39A149A146}
	EndGlobalSection
	GlobalSection(ExtensibilityGlobals) = postSolution
		SolutionGuid = {7BC5945C-318A-4900-A414-E557D714E4A1}
	EndGlobalSection
EndGlobal
